// !$*UTF8*$!
{
	archiveVersion = 1;
	classes = {
	};
	objectVersion = 52;
	objects = {

/* Begin PBXBuildFile section */
		41DD3A4126E4AF5000C781BF /* AppDelegate.swift in Sources */ = {isa = PBXBuildFile; fileRef = 41DD3A4026E4AF5000C781BF /* AppDelegate.swift */; };
		41DD3A4326E4AF5000C781BF /* SceneDelegate.swift in Sources */ = {isa = PBXBuildFile; fileRef = 41DD3A4226E4AF5000C781BF /* SceneDelegate.swift */; };
		41DD3A4826E4AF5000C781BF /* Main.storyboard in Resources */ = {isa = PBXBuildFile; fileRef = 41DD3A4626E4AF5000C781BF /* Main.storyboard */; };
		41DD3A4A26E4AF5600C781BF /* Assets.xcassets in Resources */ = {isa = PBXBuildFile; fileRef = 41DD3A4926E4AF5600C781BF /* Assets.xcassets */; };
		41DD3A4D26E4AF5600C781BF /* LaunchScreen.storyboard in Resources */ = {isa = PBXBuildFile; fileRef = 41DD3A4B26E4AF5600C781BF /* LaunchScreen.storyboard */; };
		41DD3A5A26E4B5A700C781BF /* welcomeVC.swift in Sources */ = {isa = PBXBuildFile; fileRef = 41DD3A5926E4B5A700C781BF /* welcomeVC.swift */; };
		41DD3A5C26E4CA0600C781BF /* signInVC.swift in Sources */ = {isa = PBXBuildFile; fileRef = 41DD3A5B26E4CA0600C781BF /* signInVC.swift */; };
		41DD3A5F26E4D9B900C781BF /* FirebaseAnalytics in Frameworks */ = {isa = PBXBuildFile; productRef = 41DD3A5E26E4D9B900C781BF /* FirebaseAnalytics */; };
		41DD3A6126E4D9B900C781BF /* FirebaseCrashlytics in Frameworks */ = {isa = PBXBuildFile; productRef = 41DD3A6026E4D9B900C781BF /* FirebaseCrashlytics */; };
		41DD3A6326E4D9B900C781BF /* FirebaseAuth in Frameworks */ = {isa = PBXBuildFile; productRef = 41DD3A6226E4D9B900C781BF /* FirebaseAuth */; };
		41DD3A6526E4D9B900C781BF /* FirebaseDatabase in Frameworks */ = {isa = PBXBuildFile; productRef = 41DD3A6426E4D9B900C781BF /* FirebaseDatabase */; };
		41DD3A6726E4DD9B00C781BF /* GoogleService-Info.plist in Resources */ = {isa = PBXBuildFile; fileRef = 41DD3A6626E4DD9A00C781BF /* GoogleService-Info.plist */; };
		41DD3A6B26E4F7B300C781BF /* Constants.swift in Sources */ = {isa = PBXBuildFile; fileRef = 41DD3A6A26E4F7B300C781BF /* Constants.swift */; };
		41DD3A6D26E4F96500C781BF /* User.swift in Sources */ = {isa = PBXBuildFile; fileRef = 41DD3A6C26E4F96500C781BF /* User.swift */; };
		41DD3A72270842D600C781BF /* AVFoundation.framework in Frameworks */ = {isa = PBXBuildFile; fileRef = 41DD3A71270842D600C781BF /* AVFoundation.framework */; };
		41DD3A7627084C8C00C781BF /* ContentView.swift in Sources */ = {isa = PBXBuildFile; fileRef = 41DD3A7527084C8C00C781BF /* ContentView.swift */; };
		41DD3A9A270892D000C781BF /* DataModel.swift in Sources */ = {isa = PBXBuildFile; fileRef = 41DD3A99270892CE00C781BF /* DataModel.swift */; };
		41DD3A9C2708988A00C781BF /* SongListViewModel.swift in Sources */ = {isa = PBXBuildFile; fileRef = 41DD3A9B2708988A00C781BF /* SongListViewModel.swift */; };
		41DD3A9E27089C0500C781BF /* MusicSearchApp.swift in Sources */ = {isa = PBXBuildFile; fileRef = 41DD3A9D27089C0500C781BF /* MusicSearchApp.swift */; };
		41DD3AA02708A41000C781BF /* ArtworkLoader.swift in Sources */ = {isa = PBXBuildFile; fileRef = 41DD3A9F2708A41000C781BF /* ArtworkLoader.swift */; };
/* End PBXBuildFile section */

/* Begin PBXFileReference section */
		41DD3A3D26E4AF5000C781BF /* SpotifyApp.app */ = {isa = PBXFileReference; explicitFileType = wrapper.application; includeInIndex = 0; path = SpotifyApp.app; sourceTree = BUILT_PRODUCTS_DIR; };
		41DD3A4026E4AF5000C781BF /* AppDelegate.swift */ = {isa = PBXFileReference; lastKnownFileType = sourcecode.swift; path = AppDelegate.swift; sourceTree = "<group>"; };
		41DD3A4226E4AF5000C781BF /* SceneDelegate.swift */ = {isa = PBXFileReference; lastKnownFileType = sourcecode.swift; path = SceneDelegate.swift; sourceTree = "<group>"; };
		41DD3A4726E4AF5000C781BF /* Base */ = {isa = PBXFileReference; lastKnownFileType = file.storyboard; name = Base; path = Base.lproj/Main.storyboard; sourceTree = "<group>"; };
		41DD3A4926E4AF5600C781BF /* Assets.xcassets */ = {isa = PBXFileReference; lastKnownFileType = folder.assetcatalog; path = Assets.xcassets; sourceTree = "<group>"; };
		41DD3A4C26E4AF5600C781BF /* Base */ = {isa = PBXFileReference; lastKnownFileType = file.storyboard; name = Base; path = Base.lproj/LaunchScreen.storyboard; sourceTree = "<group>"; };
		41DD3A4E26E4AF5600C781BF /* Info.plist */ = {isa = PBXFileReference; lastKnownFileType = text.plist.xml; path = Info.plist; sourceTree = "<group>"; };
		41DD3A5926E4B5A700C781BF /* welcomeVC.swift */ = {isa = PBXFileReference; lastKnownFileType = sourcecode.swift; path = welcomeVC.swift; sourceTree = "<group>"; };
		41DD3A5B26E4CA0600C781BF /* signInVC.swift */ = {isa = PBXFileReference; lastKnownFileType = sourcecode.swift; path = signInVC.swift; sourceTree = "<group>"; };
		41DD3A6626E4DD9A00C781BF /* GoogleService-Info.plist */ = {isa = PBXFileReference; fileEncoding = 4; lastKnownFileType = text.plist.xml; path = "GoogleService-Info.plist"; sourceTree = "<group>"; };
		41DD3A6A26E4F7B300C781BF /* Constants.swift */ = {isa = PBXFileReference; lastKnownFileType = sourcecode.swift; path = Constants.swift; sourceTree = "<group>"; };
		41DD3A6C26E4F96500C781BF /* User.swift */ = {isa = PBXFileReference; lastKnownFileType = sourcecode.swift; path = User.swift; sourceTree = "<group>"; };
		41DD3A71270842D600C781BF /* AVFoundation.framework */ = {isa = PBXFileReference; lastKnownFileType = wrapper.framework; name = AVFoundation.framework; path = System/Library/Frameworks/AVFoundation.framework; sourceTree = SDKROOT; };
		41DD3A7527084C8C00C781BF /* ContentView.swift */ = {isa = PBXFileReference; lastKnownFileType = sourcecode.swift; path = ContentView.swift; sourceTree = "<group>"; };
		41DD3A99270892CE00C781BF /* DataModel.swift */ = {isa = PBXFileReference; lastKnownFileType = sourcecode.swift; path = DataModel.swift; sourceTree = "<group>"; };
		41DD3A9B2708988A00C781BF /* SongListViewModel.swift */ = {isa = PBXFileReference; lastKnownFileType = sourcecode.swift; path = SongListViewModel.swift; sourceTree = "<group>"; };
		41DD3A9D27089C0500C781BF /* MusicSearchApp.swift */ = {isa = PBXFileReference; lastKnownFileType = sourcecode.swift; path = MusicSearchApp.swift; sourceTree = "<group>"; };
		41DD3A9F2708A41000C781BF /* ArtworkLoader.swift */ = {isa = PBXFileReference; lastKnownFileType = sourcecode.swift; path = ArtworkLoader.swift; sourceTree = "<group>"; };
/* End PBXFileReference section */

/* Begin PBXFrameworksBuildPhase section */
		41DD3A3A26E4AF5000C781BF /* Frameworks */ = {
			isa = PBXFrameworksBuildPhase;
			buildActionMask = 2147483647;
			files = (
				41DD3A72270842D600C781BF /* AVFoundation.framework in Frameworks */,
				41DD3A5F26E4D9B900C781BF /* FirebaseAnalytics in Frameworks */,
				41DD3A6326E4D9B900C781BF /* FirebaseAuth in Frameworks */,
				41DD3A6526E4D9B900C781BF /* FirebaseDatabase in Frameworks */,
				41DD3A6126E4D9B900C781BF /* FirebaseCrashlytics in Frameworks */,
			);
			runOnlyForDeploymentPostprocessing = 0;
		};
/* End PBXFrameworksBuildPhase section */

/* Begin PBXGroup section */
		41DD3A3426E4AF5000C781BF = {
			isa = PBXGroup;
			children = (
				41DD3A3F26E4AF5000C781BF /* SpotifyApp */,
				41DD3A3E26E4AF5000C781BF /* Products */,
				41DD3A70270842D600C781BF /* Frameworks */,
			);
			sourceTree = "<group>";
		};
		41DD3A3E26E4AF5000C781BF /* Products */ = {
			isa = PBXGroup;
			children = (
				41DD3A3D26E4AF5000C781BF /* SpotifyApp.app */,
			);
			name = Products;
			sourceTree = "<group>";
		};
		41DD3A3F26E4AF5000C781BF /* SpotifyApp */ = {
			isa = PBXGroup;
			children = (
				41DD3A6926E4F76500C781BF /* Constants */,
				41DD3A5826E4B0A800C781BF /* Resources */,
				41DD3A5726E4B0A300C781BF /* Managers */,
				41DD3A5626E4B09B00C781BF /* Models */,
				41DD3A5526E4B09600C781BF /* Views */,
				41DD3A5426E4B09000C781BF /* Controllers */,
				41DD3A6626E4DD9A00C781BF /* GoogleService-Info.plist */,
				41DD3A4E26E4AF5600C781BF /* Info.plist */,
			);
			path = SpotifyApp;
			sourceTree = "<group>";
		};
		41DD3A5426E4B09000C781BF /* Controllers */ = {
			isa = PBXGroup;
			children = (
				41DD3A5926E4B5A700C781BF /* welcomeVC.swift */,
				41DD3A5B26E4CA0600C781BF /* signInVC.swift */,
			);
			path = Controllers;
			sourceTree = "<group>";
		};
		41DD3A5526E4B09600C781BF /* Views */ = {
			isa = PBXGroup;
			children = (
				41DD3A4B26E4AF5600C781BF /* LaunchScreen.storyboard */,
				41DD3A4626E4AF5000C781BF /* Main.storyboard */,
				41DD3A7527084C8C00C781BF /* ContentView.swift */,
			);
			path = Views;
			sourceTree = "<group>";
		};
		41DD3A5626E4B09B00C781BF /* Models */ = {
			isa = PBXGroup;
			children = (
				41DD3A6C26E4F96500C781BF /* User.swift */,
				41DD3A99270892CE00C781BF /* DataModel.swift */,
				41DD3A9B2708988A00C781BF /* SongListViewModel.swift */,
				41DD3A9D27089C0500C781BF /* MusicSearchApp.swift */,
				41DD3A9F2708A41000C781BF /* ArtworkLoader.swift */,
			);
			path = Models;
			sourceTree = "<group>";
		};
		41DD3A5726E4B0A300C781BF /* Managers */ = {
			isa = PBXGroup;
			children = (
			);
			path = Managers;
			sourceTree = "<group>";
		};
		41DD3A5826E4B0A800C781BF /* Resources */ = {
			isa = PBXGroup;
			children = (
				41DD3A4026E4AF5000C781BF /* AppDelegate.swift */,
				41DD3A4226E4AF5000C781BF /* SceneDelegate.swift */,
				41DD3A4926E4AF5600C781BF /* Assets.xcassets */,
			);
			path = Resources;
			sourceTree = "<group>";
		};
		41DD3A6926E4F76500C781BF /* Constants */ = {
			isa = PBXGroup;
			children = (
				41DD3A6A26E4F7B300C781BF /* Constants.swift */,
			);
			path = Constants;
			sourceTree = "<group>";
		};
		41DD3A70270842D600C781BF /* Frameworks */ = {
			isa = PBXGroup;
			children = (
				41DD3A71270842D600C781BF /* AVFoundation.framework */,
			);
			name = Frameworks;
			sourceTree = "<group>";
		};
/* End PBXGroup section */

/* Begin PBXNativeTarget section */
		41DD3A3C26E4AF5000C781BF /* SpotifyApp */ = {
			isa = PBXNativeTarget;
			buildConfigurationList = 41DD3A5126E4AF5600C781BF /* Build configuration list for PBXNativeTarget "SpotifyApp" */;
			buildPhases = (
				41DD3A3926E4AF5000C781BF /* Sources */,
				41DD3A3A26E4AF5000C781BF /* Frameworks */,
				41DD3A3B26E4AF5000C781BF /* Resources */,
				41DD3A6826E4E42100C781BF /* ShellScript */,
			);
			buildRules = (
			);
			dependencies = (
			);
			name = SpotifyApp;
			packageProductDependencies = (
				41DD3A5E26E4D9B900C781BF /* FirebaseAnalytics */,
				41DD3A6026E4D9B900C781BF /* FirebaseCrashlytics */,
				41DD3A6226E4D9B900C781BF /* FirebaseAuth */,
				41DD3A6426E4D9B900C781BF /* FirebaseDatabase */,
			);
			productName = SpotifyApp;
			productReference = 41DD3A3D26E4AF5000C781BF /* SpotifyApp.app */;
			productType = "com.apple.product-type.application";
		};
/* End PBXNativeTarget section */

/* Begin PBXProject section */
		41DD3A3526E4AF5000C781BF /* Project object */ = {
			isa = PBXProject;
			attributes = {
				LastSwiftUpdateCheck = 1250;
				LastUpgradeCheck = 1250;
				TargetAttributes = {
					41DD3A3C26E4AF5000C781BF = {
						CreatedOnToolsVersion = 12.5;
					};
				};
			};
			buildConfigurationList = 41DD3A3826E4AF5000C781BF /* Build configuration list for PBXProject "SpotifyApp" */;
			compatibilityVersion = "Xcode 9.3";
			developmentRegion = en;
			hasScannedForEncodings = 0;
			knownRegions = (
				en,
				Base,
			);
			mainGroup = 41DD3A3426E4AF5000C781BF;
			packageReferences = (
				41DD3A5D26E4D9B900C781BF /* XCRemoteSwiftPackageReference "firebase-ios-sdk" */,
			);
			productRefGroup = 41DD3A3E26E4AF5000C781BF /* Products */;
			projectDirPath = "";
			projectRoot = "";
			targets = (
				41DD3A3C26E4AF5000C781BF /* SpotifyApp */,
			);
		};
/* End PBXProject section */

/* Begin PBXResourcesBuildPhase section */
		41DD3A3B26E4AF5000C781BF /* Resources */ = {
			isa = PBXResourcesBuildPhase;
			buildActionMask = 2147483647;
			files = (
				41DD3A4D26E4AF5600C781BF /* LaunchScreen.storyboard in Resources */,
				41DD3A6726E4DD9B00C781BF /* GoogleService-Info.plist in Resources */,
				41DD3A4A26E4AF5600C781BF /* Assets.xcassets in Resources */,
				41DD3A4826E4AF5000C781BF /* Main.storyboard in Resources */,
			);
			runOnlyForDeploymentPostprocessing = 0;
		};
/* End PBXResourcesBuildPhase section */

/* Begin PBXShellScriptBuildPhase section */
		41DD3A6826E4E42100C781BF /* ShellScript */ = {
			isa = PBXShellScriptBuildPhase;
			buildActionMask = 8;
			files = (
			);
			inputFileListPaths = (
			);
			inputPaths = (
				"${DWARF_DSYM_FOLDER_PATH}/${DWARF_DSYM_FILE_NAME}/Contents/Resources/DWARF/${TARGET_NAME}",
				"$(SRCROOT)/$(BUILT_PRODUCTS_DIR)/$(INFOPLIST_PATH)",
			);
			outputFileListPaths = (
			);
			outputPaths = (
			);
			runOnlyForDeploymentPostprocessing = 1;
			shellPath = /bin/sh;
			shellScript = "\"${PODS_ROOT}/FirebaseCrashlytics/run\"\n";
		};
/* End PBXShellScriptBuildPhase section */

/* Begin PBXSourcesBuildPhase section */
		41DD3A3926E4AF5000C781BF /* Sources */ = {
			isa = PBXSourcesBuildPhase;
			buildActionMask = 2147483647;
			files = (
				41DD3AA02708A41000C781BF /* ArtworkLoader.swift in Sources */,
				41DD3A6B26E4F7B300C781BF /* Constants.swift in Sources */,
				41DD3A5A26E4B5A700C781BF /* welcomeVC.swift in Sources */,
				41DD3A7627084C8C00C781BF /* ContentView.swift in Sources */,
				41DD3A6D26E4F96500C781BF /* User.swift in Sources */,
				41DD3A4126E4AF5000C781BF /* AppDelegate.swift in Sources */,
				41DD3A9E27089C0500C781BF /* MusicSearchApp.swift in Sources */,
				41DD3A5C26E4CA0600C781BF /* signInVC.swift in Sources */,
				41DD3A9C2708988A00C781BF /* SongListViewModel.swift in Sources */,
				41DD3A4326E4AF5000C781BF /* SceneDelegate.swift in Sources */,
				41DD3A9A270892D000C781BF /* DataModel.swift in Sources */,
			);
			runOnlyForDeploymentPostprocessing = 0;
		};
/* End PBXSourcesBuildPhase section */

/* Begin PBXVariantGroup section */
		41DD3A4626E4AF5000C781BF /* Main.storyboard */ = {
			isa = PBXVariantGroup;
			children = (
				41DD3A4726E4AF5000C781BF /* Base */,
			);
			name = Main.storyboard;
			sourceTree = "<group>";
		};
		41DD3A4B26E4AF5600C781BF /* LaunchScreen.storyboard */ = {
			isa = PBXVariantGroup;
			children = (
				41DD3A4C26E4AF5600C781BF /* Base */,
			);
			name = LaunchScreen.storyboard;
			sourceTree = "<group>";
		};
/* End PBXVariantGroup section */

/* Begin XCBuildConfiguration section */
		41DD3A4F26E4AF5600C781BF /* Debug */ = {
			isa = XCBuildConfiguration;
			buildSettings = {
				ALWAYS_SEARCH_USER_PATHS = NO;
				CLANG_ANALYZER_NONNULL = YES;
				CLANG_ANALYZER_NUMBER_OBJECT_CONVERSION = YES_AGGRESSIVE;
				CLANG_CXX_LANGUAGE_STANDARD = "gnu++14";
				CLANG_CXX_LIBRARY = "libc++";
				CLANG_ENABLE_MODULES = YES;
				CLANG_ENABLE_OBJC_ARC = YES;
				CLANG_ENABLE_OBJC_WEAK = YES;
				CLANG_WARN_BLOCK_CAPTURE_AUTORELEASING = YES;
				CLANG_WARN_BOOL_CONVERSION = YES;
				CLANG_WARN_COMMA = YES;
				CLANG_WARN_CONSTANT_CONVERSION = YES;
				CLANG_WARN_DEPRECATED_OBJC_IMPLEMENTATIONS = YES;
				CLANG_WARN_DIRECT_OBJC_ISA_USAGE = YES_ERROR;
				CLANG_WARN_DOCUMENTATION_COMMENTS = YES;
				CLANG_WARN_EMPTY_BODY = YES;
				CLANG_WARN_ENUM_CONVERSION = YES;
				CLANG_WARN_INFINITE_RECURSION = YES;
				CLANG_WARN_INT_CONVERSION = YES;
				CLANG_WARN_NON_LITERAL_NULL_CONVERSION = YES;
				CLANG_WARN_OBJC_IMPLICIT_RETAIN_SELF = YES;
				CLANG_WARN_OBJC_LITERAL_CONVERSION = YES;
				CLANG_WARN_OBJC_ROOT_CLASS = YES_ERROR;
				CLANG_WARN_QUOTED_INCLUDE_IN_FRAMEWORK_HEADER = YES;
				CLANG_WARN_RANGE_LOOP_ANALYSIS = YES;
				CLANG_WARN_STRICT_PROTOTYPES = YES;
				CLANG_WARN_SUSPICIOUS_MOVE = YES;
				CLANG_WARN_UNGUARDED_AVAILABILITY = YES_AGGRESSIVE;
				CLANG_WARN_UNREACHABLE_CODE = YES;
				CLANG_WARN__DUPLICATE_METHOD_MATCH = YES;
				COPY_PHASE_STRIP = NO;
				DEBUG_INFORMATION_FORMAT = dwarf;
				ENABLE_STRICT_OBJC_MSGSEND = YES;
				ENABLE_TESTABILITY = YES;
				GCC_C_LANGUAGE_STANDARD = gnu11;
				GCC_DYNAMIC_NO_PIC = NO;
				GCC_NO_COMMON_BLOCKS = YES;
				GCC_OPTIMIZATION_LEVEL = 0;
				GCC_PREPROCESSOR_DEFINITIONS = (
					"DEBUG=1",
					"$(inherited)",
				);
				GCC_WARN_64_TO_32_BIT_CONVERSION = YES;
				GCC_WARN_ABOUT_RETURN_TYPE = YES_ERROR;
				GCC_WARN_UNDECLARED_SELECTOR = YES;
				GCC_WARN_UNINITIALIZED_AUTOS = YES_AGGRESSIVE;
				GCC_WARN_UNUSED_FUNCTION = YES;
				GCC_WARN_UNUSED_VARIABLE = YES;
				IPHONEOS_DEPLOYMENT_TARGET = 14.5;
				MTL_ENABLE_DEBUG_INFO = INCLUDE_SOURCE;
				MTL_FAST_MATH = YES;
				ONLY_ACTIVE_ARCH = YES;
				SDKROOT = iphoneos;
				SWIFT_ACTIVE_COMPILATION_CONDITIONS = DEBUG;
				SWIFT_OPTIMIZATION_LEVEL = "-Onone";
			};
			name = Debug;
		};
		41DD3A5026E4AF5600C781BF /* Release */ = {
			isa = XCBuildConfiguration;
			buildSettings = {
				ALWAYS_SEARCH_USER_PATHS = NO;
				CLANG_ANALYZER_NONNULL = YES;
				CLANG_ANALYZER_NUMBER_OBJECT_CONVERSION = YES_AGGRESSIVE;
				CLANG_CXX_LANGUAGE_STANDARD = "gnu++14";
				CLANG_CXX_LIBRARY = "libc++";
				CLANG_ENABLE_MODULES = YES;
				CLANG_ENABLE_OBJC_ARC = YES;
				CLANG_ENABLE_OBJC_WEAK = YES;
				CLANG_WARN_BLOCK_CAPTURE_AUTORELEASING = YES;
				CLANG_WARN_BOOL_CONVERSION = YES;
				CLANG_WARN_COMMA = YES;
				CLANG_WARN_CONSTANT_CONVERSION = YES;
				CLANG_WARN_DEPRECATED_OBJC_IMPLEMENTATIONS = YES;
				CLANG_WARN_DIRECT_OBJC_ISA_USAGE = YES_ERROR;
				CLANG_WARN_DOCUMENTATION_COMMENTS = YES;
				CLANG_WARN_EMPTY_BODY = YES;
				CLANG_WARN_ENUM_CONVERSION = YES;
				CLANG_WARN_INFINITE_RECURSION = YES;
				CLANG_WARN_INT_CONVERSION = YES;
				CLANG_WARN_NON_LITERAL_NULL_CONVERSION = YES;
				CLANG_WARN_OBJC_IMPLICIT_RETAIN_SELF = YES;
				CLANG_WARN_OBJC_LITERAL_CONVERSION = YES;
				CLANG_WARN_OBJC_ROOT_CLASS = YES_ERROR;
				CLANG_WARN_QUOTED_INCLUDE_IN_FRAMEWORK_HEADER = YES;
				CLANG_WARN_RANGE_LOOP_ANALYSIS = YES;
				CLANG_WARN_STRICT_PROTOTYPES = YES;
				CLANG_WARN_SUSPICIOUS_MOVE = YES;
				CLANG_WARN_UNGUARDED_AVAILABILITY = YES_AGGRESSIVE;
				CLANG_WARN_UNREACHABLE_CODE = YES;
				CLANG_WARN__DUPLICATE_METHOD_MATCH = YES;
				COPY_PHASE_STRIP = NO;
				DEBUG_INFORMATION_FORMAT = "dwarf-with-dsym";
				ENABLE_NS_ASSERTIONS = NO;
				ENABLE_STRICT_OBJC_MSGSEND = YES;
				GCC_C_LANGUAGE_STANDARD = gnu11;
				GCC_NO_COMMON_BLOCKS = YES;
				GCC_WARN_64_TO_32_BIT_CONVERSION = YES;
				GCC_WARN_ABOUT_RETURN_TYPE = YES_ERROR;
				GCC_WARN_UNDECLARED_SELECTOR = YES;
				GCC_WARN_UNINITIALIZED_AUTOS = YES_AGGRESSIVE;
				GCC_WARN_UNUSED_FUNCTION = YES;
				GCC_WARN_UNUSED_VARIABLE = YES;
				IPHONEOS_DEPLOYMENT_TARGET = 14.5;
				MTL_ENABLE_DEBUG_INFO = NO;
				MTL_FAST_MATH = YES;
				SDKROOT = iphoneos;
				SWIFT_COMPILATION_MODE = wholemodule;
				SWIFT_OPTIMIZATION_LEVEL = "-O";
				VALIDATE_PRODUCT = YES;
			};
			name = Release;
		};
		41DD3A5226E4AF5600C781BF /* Debug */ = {
			isa = XCBuildConfiguration;
			buildSettings = {
				ASSETCATALOG_COMPILER_APPICON_NAME = AppIcon;
				ASSETCATALOG_COMPILER_GLOBAL_ACCENT_COLOR_NAME = AccentColor;
				CODE_SIGN_STYLE = Automatic;
				DEBUG_INFORMATION_FORMAT = "dwarf-with-dsym";
				DEVELOPMENT_TEAM = 5JPN6876WV;
				FRAMEWORK_SEARCH_PATHS = (
					"$(inherited)",
					"$(PROJECT_DIR)",
				);
				INFOPLIST_FILE = SpotifyApp/Info.plist;
				LD_RUNPATH_SEARCH_PATHS = (
					"$(inherited)",
					"@executable_path/Frameworks",
				);
				PRODUCT_BUNDLE_IDENTIFIER = "by.I21-iOS.SpotifyApp";
				PRODUCT_NAME = "$(TARGET_NAME)";
				SWIFT_VERSION = 5.0;
				TARGETED_DEVICE_FAMILY = "1,2";
			};
			name = Debug;
		};
		41DD3A5326E4AF5600C781BF /* Release */ = {
			isa = XCBuildConfiguration;
			buildSettings = {
				ASSETCATALOG_COMPILER_APPICON_NAME = AppIcon;
				ASSETCATALOG_COMPILER_GLOBAL_ACCENT_COLOR_NAME = AccentColor;
				CODE_SIGN_STYLE = Automatic;
				DEVELOPMENT_TEAM = 5JPN6876WV;
				FRAMEWORK_SEARCH_PATHS = (
					"$(inherited)",
					"$(PROJECT_DIR)",
				);
				INFOPLIST_FILE = SpotifyApp/Info.plist;
				LD_RUNPATH_SEARCH_PATHS = (
					"$(inherited)",
					"@executable_path/Frameworks",
				);
				PRODUCT_BUNDLE_IDENTIFIER = "by.I21-iOS.SpotifyApp";
				PRODUCT_NAME = "$(TARGET_NAME)";
				SWIFT_VERSION = 5.0;
				TARGETED_DEVICE_FAMILY = "1,2";
			};
			name = Release;
		};
/* End XCBuildConfiguration section */

/* Begin XCConfigurationList section */
		41DD3A3826E4AF5000C781BF /* Build configuration list for PBXProject "SpotifyApp" */ = {
			isa = XCConfigurationList;
			buildConfigurations = (
				41DD3A4F26E4AF5600C781BF /* Debug */,
				41DD3A5026E4AF5600C781BF /* Release */,
			);
			defaultConfigurationIsVisible = 0;
			defaultConfigurationName = Release;
		};
		41DD3A5126E4AF5600C781BF /* Build configuration list for PBXNativeTarget "SpotifyApp" */ = {
			isa = XCConfigurationList;
			buildConfigurations = (
				41DD3A5226E4AF5600C781BF /* Debug */,
				41DD3A5326E4AF5600C781BF /* Release */,
			);
			defaultConfigurationIsVisible = 0;
			defaultConfigurationName = Release;
		};
/* End XCConfigurationList section */

/* Begin XCRemoteSwiftPackageReference section */
		41DD3A5D26E4D9B900C781BF /* XCRemoteSwiftPackageReference "firebase-ios-sdk" */ = {
			isa = XCRemoteSwiftPackageReference;
			repositoryURL = "https://github.com/firebase/firebase-ios-sdk.git";
			requirement = {
				kind = upToNextMajorVersion;
				minimumVersion = 8.6.1;
			};
		};
/* End XCRemoteSwiftPackageReference section */

/* Begin XCSwiftPackageProductDependency section */
		41DD3A5E26E4D9B900C781BF /* FirebaseAnalytics */ = {
			isa = XCSwiftPackageProductDependency;
			package = 41DD3A5D26E4D9B900C781BF /* XCRemoteSwiftPackageReference "firebase-ios-sdk" */;
			productName = FirebaseAnalytics;
		};
		41DD3A6026E4D9B900C781BF /* FirebaseCrashlytics */ = {
			isa = XCSwiftPackageProductDependency;
			package = 41DD3A5D26E4D9B900C781BF /* XCRemoteSwiftPackageReference "firebase-ios-sdk" */;
			productName = FirebaseCrashlytics;
		};
		41DD3A6226E4D9B900C781BF /* FirebaseAuth */ = {
			isa = XCSwiftPackageProductDependency;
			package = 41DD3A5D26E4D9B900C781BF /* XCRemoteSwiftPackageReference "firebase-ios-sdk" */;
			productName = FirebaseAuth;
		};
		41DD3A6426E4D9B900C781BF /* FirebaseDatabase */ = {
			isa = XCSwiftPackageProductDependency;
			package = 41DD3A5D26E4D9B900C781BF /* XCRemoteSwiftPackageReference "firebase-ios-sdk" */;
			productName = FirebaseDatabase;
		};
/* End XCSwiftPackageProductDependency section */
	};
	rootObject = 41DD3A3526E4AF5000C781BF /* Project object */;
}
